
Microsoft Visual Studio Solution File, Format Version 12.00
# Visual Studio Version 16
VisualStudioVersion = 16.0.30907.101
MinimumVisualStudioVersion = 10.0.40219.1
Project("{9A19103F-16F7-4668-BE54-9A1E7A4F7556}") = "ImageProducer", "ImageProducer\ImageProducer.csproj", "{C75980C9-DC81-44C1-A5A0-9BD235C8CE89}"
EndProject
Project("{9A19103F-16F7-4668-BE54-9A1E7A4F7556}") = "ImageConsumer", "ImageConsumer\ImageConsumer.csproj", "{96F1F89C-420E-4623-BAAC-3A0CD612D163}"
EndProject
Project("{151D2E53-A2C4-4D7D-83FE-D05416EBD58E}") = "LogicAppScheduler", "LogicAppScheduler\LogicAppScheduler.deployproj", "{223EFE9C-1606-4E39-B5F3-EBCBF39D124C}"
EndProject
Project("{2150E333-8FDC-42A3-9474-1A3956D46DE8}") = "Project Notes", "Project Notes", "{844F9FE1-C0FD-4149-90D2-C744E7E37ACB}"
	ProjectSection(SolutionItems) = preProject
		LogicAppExecution.PNG = LogicAppExecution.PNG
		ProjectNotes.txt = ProjectNotes.txt
	EndProjectSection
EndProject
Global
	GlobalSection(SolutionConfigurationPlatforms) = preSolution
		Debug|Any CPU = Debug|Any CPU
		Release|Any CPU = Release|Any CPU
	EndGlobalSection
	GlobalSection(ProjectConfigurationPlatforms) = postSolution
		{C75980C9-DC81-44C1-A5A0-9BD235C8CE89}.Debug|Any CPU.ActiveCfg = Debug|Any CPU
		{C75980C9-DC81-44C1-A5A0-9BD235C8CE89}.Debug|Any CPU.Build.0 = Debug|Any CPU
		{C75980C9-DC81-44C1-A5A0-9BD235C8CE89}.Release|Any CPU.ActiveCfg = Release|Any CPU
		{C75980C9-DC81-44C1-A5A0-9BD235C8CE89}.Release|Any CPU.Build.0 = Release|Any CPU
		{96F1F89C-420E-4623-BAAC-3A0CD612D163}.Debug|Any CPU.ActiveCfg = Debug|Any CPU
		{96F1F89C-420E-4623-BAAC-3A0CD612D163}.Debug|Any CPU.Build.0 = Debug|Any CPU
		{96F1F89C-420E-4623-BAAC-3A0CD612D163}.Release|Any CPU.ActiveCfg = Release|Any CPU
		{96F1F89C-420E-4623-BAAC-3A0CD612D163}.Release|Any CPU.Build.0 = Release|Any CPU
		{223EFE9C-1606-4E39-B5F3-EBCBF39D124C}.Debug|Any CPU.ActiveCfg = Debug|Any CPU
		{223EFE9C-1606-4E39-B5F3-EBCBF39D124C}.Debug|Any CPU.Build.0 = Debug|Any CPU
		{223EFE9C-1606-4E39-B5F3-EBCBF39D124C}.Release|Any CPU.ActiveCfg = Release|Any CPU
		{223EFE9C-1606-4E39-B5F3-EBCBF39D124C}.Release|Any CPU.Build.0 = Release|Any CPU
	EndGlobalSection
	GlobalSection(SolutionProperties) = preSolution
		HideSolutionNode = FALSE
	EndGlobalSection
	GlobalSection(ExtensibilityGlobals) = postSolution
		SolutionGuid = {77488E24-587C-4E90-A0AF-B831AE55C503}
	EndGlobalSection
EndGlobal
